# THIS IS AN AUTOGENERATED FILE. DO NOT EDIT THIS FILE DIRECTLY.
# yarn lockfile v1


"@nger/core@^1.8.55":
  version "1.8.55"
  resolved "https://registry.yarnpkg.com/@nger/core/-/core-1.8.55.tgz#f31a3b0b22912bf223da331f16a0ab95841083c3"
  integrity sha512-P7BiMN6/J+WJjGP1rGQEoYP5rOjDi7AHofSNAA+a1lwWAvnr2XyI0kPQ7MwWg6ytheAZlvK+Iq2PqCcCrwSJsQ==
  dependencies:
    "@nger/di" "^1.5.28"
    rxjs "^6.5.3"

"@nger/decorator@^1.1.12":
  version "1.1.12"
  resolved "https://registry.yarnpkg.com/@nger/decorator/-/decorator-1.1.12.tgz#8b921fbffda52338ecc304854c599f455bfc5343"
  integrity sha512-0jOQBEZmG6S5zh1kiaiIIJ90FMKRDfxGyYvjgkn0RMT6SuccOYvkOZkQAaF15rbO1vA5HgMlSfJw6j3ZPrBvSg==
  dependencies:
    reflect-metadata "^0.1.13"

"@nger/di@^1.5.28":
  version "1.5.28"
  resolved "https://registry.yarnpkg.com/@nger/di/-/di-1.5.28.tgz#f5f1e195f5b5240ecbca02d44f816aaa6edbc50b"
  integrity sha512-ZrtvxOlvT38lxmhz8wPh3/QmvzQGsvlAWjayeYTVq7dsS1LckjxhAnggMypftZgQUruTL3oO0ykbAzXO+I2JSA==
  dependencies:
    "@nger/decorator" "^1.1.12"

reflect-metadata@^0.1.13:
  version "0.1.13"
  resolved "https://registry.yarnpkg.com/reflect-metadata/-/reflect-metadata-0.1.13.tgz#67ae3ca57c972a2aa1642b10fe363fe32d49dc08"
  integrity sha512-Ts1Y/anZELhSsjMcU605fU9RE4Oi3p5ORujwbIKXfWa+0Zxs510Qrmrce5/Jowq3cHSZSJqBjypxmHarc+vEWg==

rxjs@^6.5.3:
  version "6.5.3"
  resolved "https://registry.yarnpkg.com/rxjs/-/rxjs-6.5.3.tgz#510e26317f4db91a7eb1de77d9dd9ba0a4899a3a"
  integrity sha512-wuYsAYYFdWTAnAaPoKGNhfpWwKZbJW+HgAJ+mImp+Epl7BG8oNWBCTyRM8gba9k4lk8BgWdoYm21Mo/RYhhbgA==
  dependencies:
    tslib "^1.9.0"

tslib@^1.9.0:
  version "1.10.0"
  resolved "https://registry.yarnpkg.com/tslib/-/tslib-1.10.0.tgz#c3c19f95973fb0a62973fb09d90d961ee43e5c8a"
  integrity sha512-qOebF53frne81cf0S9B41ByenJ3/IuH8yJKngAX35CmiZySA0khhkovshKK+jGCaMnVomla7gVlIcc3EvKPbTQ==
